Microsoft Visual Studio Solution File, Format Version 12.00
# Visual Studio Version 17
VisualStudioVersion = 17.5.2.0
MinimumVisualStudioVersion = 10.0.40219.1
Project("{FAE04EC0-301F-11D3-BF4B-00C04F79EFBC}") = "Lingramia", "Lingramia.csproj", "{B6954A28-538C-2B51-C9FF-6F92A6F9B97B}"
EndProject
Global
	GlobalSection(SolutionConfigurationPlatforms) = preSolution
		Debug|Any CPU = Debug|Any CPU
		Release|Any CPU = Release|Any CPU
	EndGlobalSection
	GlobalSection(ProjectConfigurationPlatforms) = postSolution
		{B6954A28-538C-2B51-C9FF-6F92A6F9B97B}.Debug|Any CPU.ActiveCfg = Debug|Any CPU
		{B6954A28-538C-2B51-C9FF-6F92A6F9B97B}.Debug|Any CPU.Build.0 = Debug|Any CPU
		{B6954A28-538C-2B51-C9FF-6F92A6F9B97B}.Release|Any CPU.ActiveCfg = Release|Any CPU
		{B6954A28-538C-2B51-C9FF-6F92A6F9B97B}.Release|Any CPU.Build.0 = Release|Any CPU
	EndGlobalSection
	GlobalSection(SolutionProperties) = preSolution
		HideSolutionNode = FALSE
	EndGlobalSection
	GlobalSection(ExtensibilityGlobals) = postSolution
		SolutionGuid = {9C2154D6-8C86-4025-98D3-21D334864E51}
	EndGlobalSection
EndGlobal
